
Microsoft Visual Studio Solution File, Format Version 12.00
# Visual Studio Version 16
VisualStudioVersion = 16.0.31911.196
MinimumVisualStudioVersion = 10.0.40219.1
Project("{9A19103F-16F7-4668-BE54-9A1E7A4F7556}") = "LegalLab", "LegalLab\LegalLab.csproj", "{FAFE126F-BB0E-4154-8DEF-CB7B8DC37663}"
EndProject
Project("{2150E333-8FDC-42A3-9474-1A3956D46DE8}") = "Solution Items", "Solution Items", "{5DCAD7B4-A632-4533-8B95-6D2838387720}"
	ProjectSection(SolutionItems) = preProject
		README.md = README.md
	EndProjectSection
EndProject
Project("{2150E333-8FDC-42A3-9474-1A3956D46DE8}") = "ExampleContracts", "ExampleContracts", "{46E61E48-A9A5-4CB8-8B7A-712F716F6FF5}"
EndProject
Project("{2150E333-8FDC-42A3-9474-1A3956D46DE8}") = "Marketplace", "Marketplace", "{A1B883CE-F616-4BE0-B37F-0000FA2A1839}"
	ProjectSection(SolutionItems) = preProject
		ExampleContracts\Marketplace\BuyService.xml = ExampleContracts\Marketplace\BuyService.xml
		ExampleContracts\Marketplace\OfferService.xml = ExampleContracts\Marketplace\OfferService.xml
	EndProjectSection
EndProject
Global
	GlobalSection(SolutionConfigurationPlatforms) = preSolution
		Debug|Any CPU = Debug|Any CPU
		Release|Any CPU = Release|Any CPU
	EndGlobalSection
	GlobalSection(ProjectConfigurationPlatforms) = postSolution
		{FAFE126F-BB0E-4154-8DEF-CB7B8DC37663}.Debug|Any CPU.ActiveCfg = Debug|Any CPU
		{FAFE126F-BB0E-4154-8DEF-CB7B8DC37663}.Debug|Any CPU.Build.0 = Debug|Any CPU
		{FAFE126F-BB0E-4154-8DEF-CB7B8DC37663}.Release|Any CPU.ActiveCfg = Release|Any CPU
		{FAFE126F-BB0E-4154-8DEF-CB7B8DC37663}.Release|Any CPU.Build.0 = Release|Any CPU
	EndGlobalSection
	GlobalSection(SolutionProperties) = preSolution
		HideSolutionNode = FALSE
	EndGlobalSection
	GlobalSection(NestedProjects) = preSolution
		{46E61E48-A9A5-4CB8-8B7A-712F716F6FF5} = {5DCAD7B4-A632-4533-8B95-6D2838387720}
		{A1B883CE-F616-4BE0-B37F-0000FA2A1839} = {46E61E48-A9A5-4CB8-8B7A-712F716F6FF5}
	EndGlobalSection
	GlobalSection(ExtensibilityGlobals) = postSolution
		SolutionGuid = {82820A85-2566-4DAB-A5B4-BABDC2569097}
	EndGlobalSection
EndGlobal
