
Microsoft Visual Studio Solution File, Format Version 12.00
# Visual Studio Version 17
VisualStudioVersion = 17.5.33414.496
MinimumVisualStudioVersion = 10.0.40219.1
Project("{9A19103F-16F7-4668-BE54-9A1E7A4F7556}") = "LegalLab", "LegalLab\LegalLab.csproj", "{FAFE126F-BB0E-4154-8DEF-CB7B8DC37663}"
EndProject
Project("{2150E333-8FDC-42A3-9474-1A3956D46DE8}") = "Solution Items", "Solution Items", "{5DCAD7B4-A632-4533-8B95-6D2838387720}"
	ProjectSection(SolutionItems) = preProject
		README.md = README.md
	EndProjectSection
EndProject
Project("{2150E333-8FDC-42A3-9474-1A3956D46DE8}") = "ExampleContracts", "ExampleContracts", "{46E61E48-A9A5-4CB8-8B7A-712F716F6FF5}"
EndProject
Project("{2150E333-8FDC-42A3-9474-1A3956D46DE8}") = "Marketplace", "Marketplace", "{A1B883CE-F616-4BE0-B37F-0000FA2A1839}"
EndProject
Project("{2150E333-8FDC-42A3-9474-1A3956D46DE8}") = "Syntax", "Syntax", "{A151F6AB-D6F2-40E4-A739-4D6E67F00E5D}"
	ProjectSection(SolutionItems) = preProject
		ExampleContracts\Syntax\CalculatedParameters.xml = ExampleContracts\Syntax\CalculatedParameters.xml
		ExampleContracts\Syntax\Markdown.xml = ExampleContracts\Syntax\Markdown.xml
		ExampleContracts\Syntax\ParameterTypes.xml = ExampleContracts\Syntax\ParameterTypes.xml
		ExampleContracts\Syntax\RoleReferenceParameters.xml = ExampleContracts\Syntax\RoleReferenceParameters.xml
	EndProjectSection
EndProject
Project("{2150E333-8FDC-42A3-9474-1A3956D46DE8}") = "Buying", "Buying", "{C0BD025A-D93B-4E43-9383-904927669BF5}"
	ProjectSection(SolutionItems) = preProject
		ExampleContracts\Marketplace\Buying\BuyService.xml = ExampleContracts\Marketplace\Buying\BuyService.xml
		ExampleContracts\Marketplace\Buying\OfferService.xml = ExampleContracts\Marketplace\Buying\OfferService.xml
	EndProjectSection
EndProject
Project("{2150E333-8FDC-42A3-9474-1A3956D46DE8}") = "Selling", "Selling", "{C6C5ED1C-B116-4183-9C51-E65AD2CA37D4}"
	ProjectSection(SolutionItems) = preProject
		ExampleContracts\Marketplace\Selling\OfferItem.xml = ExampleContracts\Marketplace\Selling\OfferItem.xml
		ExampleContracts\Marketplace\Selling\SellItem.xml = ExampleContracts\Marketplace\Selling\SellItem.xml
		ExampleContracts\Marketplace\Selling\SellToken.xml = ExampleContracts\Marketplace\Selling\SellToken.xml
	EndProjectSection
EndProject
Project("{2150E333-8FDC-42A3-9474-1A3956D46DE8}") = "Tokens", "Tokens", "{FE86B209-349B-47FB-9A12-5BEAFE9F35DC}"
EndProject
Project("{2150E333-8FDC-42A3-9474-1A3956D46DE8}") = "Create", "Create", "{4884851F-3B3B-4666-B245-BDE968DC48A8}"
	ProjectSection(SolutionItems) = preProject
		ExampleContracts\Tokens\Create\CreateTokenContract1.xml = ExampleContracts\Tokens\Create\CreateTokenContract1.xml
		ExampleContracts\Tokens\Create\CreateTokenContract1RandomId.xml = ExampleContracts\Tokens\Create\CreateTokenContract1RandomId.xml
		ExampleContracts\Tokens\Create\CreateTokenContract1UniqueId.xml = ExampleContracts\Tokens\Create\CreateTokenContract1UniqueId.xml
		ExampleContracts\Tokens\Create\CreateTokenContract5.xml = ExampleContracts\Tokens\Create\CreateTokenContract5.xml
		ExampleContracts\Tokens\Create\CreateTokenContract5RandomId.xml = ExampleContracts\Tokens\Create\CreateTokenContract5RandomId.xml
		ExampleContracts\Tokens\Create\CreateTokenContract5UniqueId.xml = ExampleContracts\Tokens\Create\CreateTokenContract5UniqueId.xml
	EndProjectSection
EndProject
Project("{2150E333-8FDC-42A3-9474-1A3956D46DE8}") = "Destroy", "Destroy", "{34AB437E-CCCB-4C9E-B0D3-A0AA451EE5B1}"
	ProjectSection(SolutionItems) = preProject
		ExampleContracts\Tokens\Destroy\DestroyTokenContract1.xml = ExampleContracts\Tokens\Destroy\DestroyTokenContract1.xml
		ExampleContracts\Tokens\Destroy\DestroyTokenContract5.xml = ExampleContracts\Tokens\Destroy\DestroyTokenContract5.xml
	EndProjectSection
EndProject
Project("{2150E333-8FDC-42A3-9474-1A3956D46DE8}") = "Transfer", "Transfer", "{1CACA399-0F2F-4C13-8404-C76B93561759}"
	ProjectSection(SolutionItems) = preProject
		ExampleContracts\Tokens\Transfer\TransferTokenContract1.xml = ExampleContracts\Tokens\Transfer\TransferTokenContract1.xml
		ExampleContracts\Tokens\Transfer\TransferTokenContract5.xml = ExampleContracts\Tokens\Transfer\TransferTokenContract5.xml
	EndProjectSection
EndProject
Project("{2150E333-8FDC-42A3-9474-1A3956D46DE8}") = "Specific", "Specific", "{E65D2413-D0F0-47AF-98DC-6C6B5C458A03}"
	ProjectSection(SolutionItems) = preProject
		ExampleContracts\Tokens\Create\Specific\Achievement.xml = ExampleContracts\Tokens\Create\Specific\Achievement.xml
		ExampleContracts\Tokens\Create\Specific\DemoToken.xml = ExampleContracts\Tokens\Create\Specific\DemoToken.xml
		ExampleContracts\Tokens\Create\Specific\DemoTokens5.xml = ExampleContracts\Tokens\Create\Specific\DemoTokens5.xml
	EndProjectSection
EndProject
Project("{2150E333-8FDC-42A3-9474-1A3956D46DE8}") = "StateMachines", "StateMachines", "{1B94CDD9-BA5A-4328-9F2E-C2B55334E587}"
	ProjectSection(SolutionItems) = preProject
		ExampleContracts\StateMachines\BuyTransferSellEDaler.xml = ExampleContracts\StateMachines\BuyTransferSellEDaler.xml
		ExampleContracts\StateMachines\BuyTransferSellEDaler.xsd = ExampleContracts\StateMachines\BuyTransferSellEDaler.xsd
		ExampleContracts\StateMachines\Calculator.xml = ExampleContracts\StateMachines\Calculator.xml
		ExampleContracts\StateMachines\Calculator.xsd = ExampleContracts\StateMachines\Calculator.xsd
		ExampleContracts\StateMachines\CrowdFunding.xml = ExampleContracts\StateMachines\CrowdFunding.xml
		ExampleContracts\StateMachines\CrowdFunding.xsd = ExampleContracts\StateMachines\CrowdFunding.xsd
		ExampleContracts\StateMachines\DigitalSensorTwin.xml = ExampleContracts\StateMachines\DigitalSensorTwin.xml
		ExampleContracts\StateMachines\DigitalSensorTwin.xsd = ExampleContracts\StateMachines\DigitalSensorTwin.xsd
		ExampleContracts\StateMachines\MicroLoan.xml = ExampleContracts\StateMachines\MicroLoan.xml
		ExampleContracts\StateMachines\ProjectEscrow.xml = ExampleContracts\StateMachines\ProjectEscrow.xml
	EndProjectSection
EndProject
Project("{9A19103F-16F7-4668-BE54-9A1E7A4F7556}") = "TAG.Content.Microsoft", "..\MicrosoftInterop\TAG.Content.Microsoft\TAG.Content.Microsoft.csproj", "{058A6BB8-9C37-4460-B1A0-038DCBA04302}"
EndProject
Project("{2150E333-8FDC-42A3-9474-1A3956D46DE8}") = "Logistics", "Logistics", "{14E69444-5843-4DE2-A11F-DF3CC5997531}"
	ProjectSection(SolutionItems) = preProject
		ExampleContracts\Logistics\SimpleOrder.xml = ExampleContracts\Logistics\SimpleOrder.xml
	EndProjectSection
EndProject
Project("{2150E333-8FDC-42A3-9474-1A3956D46DE8}") = "Donate", "Donate", "{CF17A90C-A2F6-410A-A918-1C6BB0F4D4D0}"
	ProjectSection(SolutionItems) = preProject
		ExampleContracts\Tokens\Donate\DonateTokenContract1.xml = ExampleContracts\Tokens\Donate\DonateTokenContract1.xml
		ExampleContracts\Tokens\Donate\DonateTokenContract5.xml = ExampleContracts\Tokens\Donate\DonateTokenContract5.xml
	EndProjectSection
EndProject
Project("{2150E333-8FDC-42A3-9474-1A3956D46DE8}") = "Voting", "Voting", "{02EA681E-C7D8-13C7-8484-4AC65E1B71E8}"
	ProjectSection(SolutionItems) = preProject
		ExampleContracts\Voting\OpenVote.xsd = ExampleContracts\Voting\OpenVote.xsd
		ExampleContracts\Voting\OpenVoteAbstain.xml = ExampleContracts\Voting\OpenVoteAbstain.xml
		ExampleContracts\Voting\OpenVoteNo.xml = ExampleContracts\Voting\OpenVoteNo.xml
		ExampleContracts\Voting\OpenVotingYesNoAbstain.xml = ExampleContracts\Voting\OpenVotingYesNoAbstain.xml
		ExampleContracts\Voting\OpenVoteYes.xml = ExampleContracts\Voting\OpenVoteYes.xml
	EndProjectSection
EndProject
Global
	GlobalSection(SolutionConfigurationPlatforms) = preSolution
		Debug|Any CPU = Debug|Any CPU
		Release|Any CPU = Release|Any CPU
	EndGlobalSection
	GlobalSection(ProjectConfigurationPlatforms) = postSolution
		{FAFE126F-BB0E-4154-8DEF-CB7B8DC37663}.Debug|Any CPU.ActiveCfg = Debug|Any CPU
		{FAFE126F-BB0E-4154-8DEF-CB7B8DC37663}.Debug|Any CPU.Build.0 = Debug|Any CPU
		{FAFE126F-BB0E-4154-8DEF-CB7B8DC37663}.Release|Any CPU.ActiveCfg = Release|Any CPU
		{FAFE126F-BB0E-4154-8DEF-CB7B8DC37663}.Release|Any CPU.Build.0 = Release|Any CPU
		{058A6BB8-9C37-4460-B1A0-038DCBA04302}.Debug|Any CPU.ActiveCfg = Debug|Any CPU
		{058A6BB8-9C37-4460-B1A0-038DCBA04302}.Debug|Any CPU.Build.0 = Debug|Any CPU
		{058A6BB8-9C37-4460-B1A0-038DCBA04302}.Release|Any CPU.ActiveCfg = Release|Any CPU
		{058A6BB8-9C37-4460-B1A0-038DCBA04302}.Release|Any CPU.Build.0 = Release|Any CPU
	EndGlobalSection
	GlobalSection(SolutionProperties) = preSolution
		HideSolutionNode = FALSE
	EndGlobalSection
	GlobalSection(NestedProjects) = preSolution
		{46E61E48-A9A5-4CB8-8B7A-712F716F6FF5} = {5DCAD7B4-A632-4533-8B95-6D2838387720}
		{A1B883CE-F616-4BE0-B37F-0000FA2A1839} = {46E61E48-A9A5-4CB8-8B7A-712F716F6FF5}
		{A151F6AB-D6F2-40E4-A739-4D6E67F00E5D} = {46E61E48-A9A5-4CB8-8B7A-712F716F6FF5}
		{C0BD025A-D93B-4E43-9383-904927669BF5} = {A1B883CE-F616-4BE0-B37F-0000FA2A1839}
		{C6C5ED1C-B116-4183-9C51-E65AD2CA37D4} = {A1B883CE-F616-4BE0-B37F-0000FA2A1839}
		{FE86B209-349B-47FB-9A12-5BEAFE9F35DC} = {46E61E48-A9A5-4CB8-8B7A-712F716F6FF5}
		{4884851F-3B3B-4666-B245-BDE968DC48A8} = {FE86B209-349B-47FB-9A12-5BEAFE9F35DC}
		{34AB437E-CCCB-4C9E-B0D3-A0AA451EE5B1} = {FE86B209-349B-47FB-9A12-5BEAFE9F35DC}
		{1CACA399-0F2F-4C13-8404-C76B93561759} = {FE86B209-349B-47FB-9A12-5BEAFE9F35DC}
		{E65D2413-D0F0-47AF-98DC-6C6B5C458A03} = {4884851F-3B3B-4666-B245-BDE968DC48A8}
		{1B94CDD9-BA5A-4328-9F2E-C2B55334E587} = {46E61E48-A9A5-4CB8-8B7A-712F716F6FF5}
		{14E69444-5843-4DE2-A11F-DF3CC5997531} = {46E61E48-A9A5-4CB8-8B7A-712F716F6FF5}
		{CF17A90C-A2F6-410A-A918-1C6BB0F4D4D0} = {FE86B209-349B-47FB-9A12-5BEAFE9F35DC}
		{02EA681E-C7D8-13C7-8484-4AC65E1B71E8} = {46E61E48-A9A5-4CB8-8B7A-712F716F6FF5}
	EndGlobalSection
	GlobalSection(ExtensibilityGlobals) = postSolution
		SolutionGuid = {82820A85-2566-4DAB-A5B4-BABDC2569097}
	EndGlobalSection
EndGlobal
